PODS:
  - RgWsPublicClient (0.1.1):
    - RgWsPublicClient/no-arc (= 0.1.1)
  - RgWsPublicClient/no-arc (0.1.1)

DEPENDENCIES:
  - RgWsPublicClient (from `../`)

EXTERNAL SOURCES:
  RgWsPublicClient:
    :path: ../

SPEC CHECKSUMS:
  RgWsPublicClient: ec42a1a64de5d9db6ee2e769c297929671c0e7d8

PODFILE CHECKSUM: 1daa96ef2c56502309d83800ed625e3d3e4fe235

COCOAPODS: 1.3.1
